org_name = "yashodperera"
version = "0.1.0"
lockfile_version = "1.0.0"
ballerina_version = "1.1.0"

[[imports."yashodperera/manageStudents:0.1.0"]]
org_name = "ballerinax"
name = "java.jdbc"
version = "0.0.0"

[[imports."ballerinax/java.jdbc:0.0.0"]]
org_name = "ballerinax"
name = "java"
version = "0.0.0"

[[imports."yashodperera/studentsService:0.1.0"]]
org_name = "yashodperera"
name = "manageStudents"
version = "0.1.0"
